// !$*UTF8*$!
{
	archiveVersion = 1;
	classes = {
	};
	objectVersion = 56;
	objects = {

/* Begin PBXBuildFile section */
		102C71D42AF0749E008D3699 /* SearchVC.swift in Sources */ = {isa = PBXBuildFile; fileRef = 102C71D32AF0749E008D3699 /* SearchVC.swift */; };
		102C71D62AF074C8008D3699 /* FavoritesListVC.swift in Sources */ = {isa = PBXBuildFile; fileRef = 102C71D52AF074C8008D3699 /* FavoritesListVC.swift */; };
		102C71D82AF07BFA008D3699 /* GFButton.swift in Sources */ = {isa = PBXBuildFile; fileRef = 102C71D72AF07BFA008D3699 /* GFButton.swift */; };
		102C71DA2AF08730008D3699 /* GFTextField.swift in Sources */ = {isa = PBXBuildFile; fileRef = 102C71D92AF08730008D3699 /* GFTextField.swift */; };
		1033D2392AF980ED0018DAF6 /* User.swift in Sources */ = {isa = PBXBuildFile; fileRef = 1033D2372AF980ED0018DAF6 /* User.swift */; };
		1033D23A2AF980ED0018DAF6 /* Follower.swift in Sources */ = {isa = PBXBuildFile; fileRef = 1033D2382AF980ED0018DAF6 /* Follower.swift */; };
		10C803712AEB25E7007D4CC9 /* AppDelegate.swift in Sources */ = {isa = PBXBuildFile; fileRef = 10C803702AEB25E7007D4CC9 /* AppDelegate.swift */; };
		10C803732AEB25E7007D4CC9 /* SceneDelegate.swift in Sources */ = {isa = PBXBuildFile; fileRef = 10C803722AEB25E7007D4CC9 /* SceneDelegate.swift */; };
		10C8037A2AEB25E9007D4CC9 /* Assets.xcassets in Resources */ = {isa = PBXBuildFile; fileRef = 10C803792AEB25E9007D4CC9 /* Assets.xcassets */; };
		10C8037D2AEB25E9007D4CC9 /* LaunchScreen.storyboard in Resources */ = {isa = PBXBuildFile; fileRef = 10C8037B2AEB25E9007D4CC9 /* LaunchScreen.storyboard */; };
		10D00D492AF843B70001F84C /* FollowerListVC.swift in Sources */ = {isa = PBXBuildFile; fileRef = 10D00D482AF843B70001F84C /* FollowerListVC.swift */; };
		10D00D4D2AF851480001F84C /* GFTitleLabel.swift in Sources */ = {isa = PBXBuildFile; fileRef = 10D00D4C2AF851480001F84C /* GFTitleLabel.swift */; };
		10D00D4F2AF852A20001F84C /* GFBodyLabel.swift in Sources */ = {isa = PBXBuildFile; fileRef = 10D00D4E2AF852A20001F84C /* GFBodyLabel.swift */; };
		10D00D512AF8539A0001F84C /* GFAlertVC.swift in Sources */ = {isa = PBXBuildFile; fileRef = 10D00D502AF8539A0001F84C /* GFAlertVC.swift */; };
		10D00D5F2AF97E550001F84C /* UIViewController+Ext.swift in Sources */ = {isa = PBXBuildFile; fileRef = 10D00D582AF95E430001F84C /* UIViewController+Ext.swift */; };
/* End PBXBuildFile section */

/* Begin PBXFileReference section */
		102C71D32AF0749E008D3699 /* SearchVC.swift */ = {isa = PBXFileReference; lastKnownFileType = sourcecode.swift; path = SearchVC.swift; sourceTree = "<group>"; };
		102C71D52AF074C8008D3699 /* FavoritesListVC.swift */ = {isa = PBXFileReference; lastKnownFileType = sourcecode.swift; path = FavoritesListVC.swift; sourceTree = "<group>"; };
		102C71D72AF07BFA008D3699 /* GFButton.swift */ = {isa = PBXFileReference; lastKnownFileType = sourcecode.swift; path = GFButton.swift; sourceTree = "<group>"; };
		102C71D92AF08730008D3699 /* GFTextField.swift */ = {isa = PBXFileReference; lastKnownFileType = sourcecode.swift; path = GFTextField.swift; sourceTree = "<group>"; };
		1033D2372AF980ED0018DAF6 /* User.swift */ = {isa = PBXFileReference; fileEncoding = 4; lastKnownFileType = sourcecode.swift; path = User.swift; sourceTree = "<group>"; };
		1033D2382AF980ED0018DAF6 /* Follower.swift */ = {isa = PBXFileReference; fileEncoding = 4; lastKnownFileType = sourcecode.swift; path = Follower.swift; sourceTree = "<group>"; };
		10C8036D2AEB25E7007D4CC9 /* GitHubFollowers.app */ = {isa = PBXFileReference; explicitFileType = wrapper.application; includeInIndex = 0; path = GitHubFollowers.app; sourceTree = BUILT_PRODUCTS_DIR; };
		10C803702AEB25E7007D4CC9 /* AppDelegate.swift */ = {isa = PBXFileReference; lastKnownFileType = sourcecode.swift; path = AppDelegate.swift; sourceTree = "<group>"; };
		10C803722AEB25E7007D4CC9 /* SceneDelegate.swift */ = {isa = PBXFileReference; lastKnownFileType = sourcecode.swift; path = SceneDelegate.swift; sourceTree = "<group>"; };
		10C803792AEB25E9007D4CC9 /* Assets.xcassets */ = {isa = PBXFileReference; lastKnownFileType = folder.assetcatalog; path = Assets.xcassets; sourceTree = "<group>"; };
		10C8037C2AEB25E9007D4CC9 /* Base */ = {isa = PBXFileReference; lastKnownFileType = file.storyboard; name = Base; path = Base.lproj/LaunchScreen.storyboard; sourceTree = "<group>"; };
		10C8037E2AEB25E9007D4CC9 /* Info.plist */ = {isa = PBXFileReference; lastKnownFileType = text.plist.xml; path = Info.plist; sourceTree = "<group>"; };
		10D00D482AF843B70001F84C /* FollowerListVC.swift */ = {isa = PBXFileReference; lastKnownFileType = sourcecode.swift; path = FollowerListVC.swift; sourceTree = "<group>"; };
		10D00D4C2AF851480001F84C /* GFTitleLabel.swift */ = {isa = PBXFileReference; lastKnownFileType = sourcecode.swift; path = GFTitleLabel.swift; sourceTree = "<group>"; };
		10D00D4E2AF852A20001F84C /* GFBodyLabel.swift */ = {isa = PBXFileReference; lastKnownFileType = sourcecode.swift; path = GFBodyLabel.swift; sourceTree = "<group>"; };
		10D00D502AF8539A0001F84C /* GFAlertVC.swift */ = {isa = PBXFileReference; lastKnownFileType = sourcecode.swift; path = GFAlertVC.swift; sourceTree = "<group>"; };
		10D00D572AF95E430001F84C /* String+Ext.swift */ = {isa = PBXFileReference; lastKnownFileType = sourcecode.swift; path = "String+Ext.swift"; sourceTree = "<group>"; };
		10D00D582AF95E430001F84C /* UIViewController+Ext.swift */ = {isa = PBXFileReference; lastKnownFileType = sourcecode.swift; path = "UIViewController+Ext.swift"; sourceTree = "<group>"; };
/* End PBXFileReference section */

/* Begin PBXFrameworksBuildPhase section */
		10C8036A2AEB25E7007D4CC9 /* Frameworks */ = {
			isa = PBXFrameworksBuildPhase;
			buildActionMask = 2147483647;
			files = (
			);
			runOnlyForDeploymentPostprocessing = 0;
		};
/* End PBXFrameworksBuildPhase section */

/* Begin PBXGroup section */
		1033D2362AF980ED0018DAF6 /* Model */ = {
			isa = PBXGroup;
			children = (
				1033D2372AF980ED0018DAF6 /* User.swift */,
				1033D2382AF980ED0018DAF6 /* Follower.swift */,
			);
			path = Model;
			sourceTree = "<group>";
		};
		10C803642AEB25E7007D4CC9 = {
			isa = PBXGroup;
			children = (
				10C8036F2AEB25E7007D4CC9 /* GitHubFollowers */,
				10C8036E2AEB25E7007D4CC9 /* Products */,
			);
			sourceTree = "<group>";
		};
		10C8036E2AEB25E7007D4CC9 /* Products */ = {
			isa = PBXGroup;
			children = (
				10C8036D2AEB25E7007D4CC9 /* GitHubFollowers.app */,
			);
			name = Products;
			sourceTree = "<group>";
		};
		10C8036F2AEB25E7007D4CC9 /* GitHubFollowers */ = {
			isa = PBXGroup;
			children = (
				10C8037E2AEB25E9007D4CC9 /* Info.plist */,
				1033D2362AF980ED0018DAF6 /* Model */,
				10D00D592AF95ECC0001F84C /* Support */,
				10D00D562AF95E3A0001F84C /* Extensions */,
				10D00D552AF95E030001F84C /* Custom Views */,
				10D00D542AF95DC30001F84C /* Screens */,
			);
			path = GitHubFollowers;
			sourceTree = "<group>";
		};
		10D00D542AF95DC30001F84C /* Screens */ = {
			isa = PBXGroup;
			children = (
				102C71D32AF0749E008D3699 /* SearchVC.swift */,
				102C71D52AF074C8008D3699 /* FavoritesListVC.swift */,
				10D00D482AF843B70001F84C /* FollowerListVC.swift */,
			);
			path = Screens;
			sourceTree = "<group>";
		};
		10D00D552AF95E030001F84C /* Custom Views */ = {
			isa = PBXGroup;
			children = (
				10D00D502AF8539A0001F84C /* GFAlertVC.swift */,
				102C71D72AF07BFA008D3699 /* GFButton.swift */,
				102C71D92AF08730008D3699 /* GFTextField.swift */,
				10D00D4C2AF851480001F84C /* GFTitleLabel.swift */,
				10D00D4E2AF852A20001F84C /* GFBodyLabel.swift */,
			);
			path = "Custom Views";
			sourceTree = "<group>";
		};
		10D00D562AF95E3A0001F84C /* Extensions */ = {
			isa = PBXGroup;
			children = (
				10D00D572AF95E430001F84C /* String+Ext.swift */,
				10D00D582AF95E430001F84C /* UIViewController+Ext.swift */,
			);
			path = Extensions;
			sourceTree = "<group>";
		};
		10D00D592AF95ECC0001F84C /* Support */ = {
			isa = PBXGroup;
			children = (
				10C803702AEB25E7007D4CC9 /* AppDelegate.swift */,
				10C803722AEB25E7007D4CC9 /* SceneDelegate.swift */,
				10C803792AEB25E9007D4CC9 /* Assets.xcassets */,
				10C8037B2AEB25E9007D4CC9 /* LaunchScreen.storyboard */,
			);
			path = Support;
			sourceTree = "<group>";
		};
/* End PBXGroup section */

/* Begin PBXNativeTarget section */
		10C8036C2AEB25E7007D4CC9 /* GitHubFollowers */ = {
			isa = PBXNativeTarget;
			buildConfigurationList = 10C803812AEB25E9007D4CC9 /* Build configuration list for PBXNativeTarget "GitHubFollowers" */;
			buildPhases = (
				10C803692AEB25E7007D4CC9 /* Sources */,
				10C8036A2AEB25E7007D4CC9 /* Frameworks */,
				10C8036B2AEB25E7007D4CC9 /* Resources */,
			);
			buildRules = (
			);
			dependencies = (
			);
			name = GitHubFollowers;
			productName = GitHubFollowers;
			productReference = 10C8036D2AEB25E7007D4CC9 /* GitHubFollowers.app */;
			productType = "com.apple.product-type.application";
		};
/* End PBXNativeTarget section */

/* Begin PBXProject section */
		10C803652AEB25E7007D4CC9 /* Project object */ = {
			isa = PBXProject;
			attributes = {
				BuildIndependentTargetsInParallel = 1;
				LastSwiftUpdateCheck = 1500;
				LastUpgradeCheck = 1500;
				TargetAttributes = {
					10C8036C2AEB25E7007D4CC9 = {
						CreatedOnToolsVersion = 15.0.1;
					};
				};
			};
			buildConfigurationList = 10C803682AEB25E7007D4CC9 /* Build configuration list for PBXProject "GitHubFollowers" */;
			compatibilityVersion = "Xcode 14.0";
			developmentRegion = en;
			hasScannedForEncodings = 0;
			knownRegions = (
				en,
				Base,
			);
			mainGroup = 10C803642AEB25E7007D4CC9;
			productRefGroup = 10C8036E2AEB25E7007D4CC9 /* Products */;
			projectDirPath = "";
			projectRoot = "";
			targets = (
				10C8036C2AEB25E7007D4CC9 /* GitHubFollowers */,
			);
		};
/* End PBXProject section */

/* Begin PBXResourcesBuildPhase section */
		10C8036B2AEB25E7007D4CC9 /* Resources */ = {
			isa = PBXResourcesBuildPhase;
			buildActionMask = 2147483647;
			files = (
				10C8037D2AEB25E9007D4CC9 /* LaunchScreen.storyboard in Resources */,
				10C8037A2AEB25E9007D4CC9 /* Assets.xcassets in Resources */,
			);
			runOnlyForDeploymentPostprocessing = 0;
		};
/* End PBXResourcesBuildPhase section */

/* Begin PBXSourcesBuildPhase section */
		10C803692AEB25E7007D4CC9 /* Sources */ = {
			isa = PBXSourcesBuildPhase;
			buildActionMask = 2147483647;
			files = (
				102C71DA2AF08730008D3699 /* GFTextField.swift in Sources */,
				10D00D5F2AF97E550001F84C /* UIViewController+Ext.swift in Sources */,
				102C71D62AF074C8008D3699 /* FavoritesListVC.swift in Sources */,
				102C71D82AF07BFA008D3699 /* GFButton.swift in Sources */,
				102C71D42AF0749E008D3699 /* SearchVC.swift in Sources */,
				10D00D492AF843B70001F84C /* FollowerListVC.swift in Sources */,
				10D00D512AF8539A0001F84C /* GFAlertVC.swift in Sources */,
				1033D23A2AF980ED0018DAF6 /* Follower.swift in Sources */,
				10C803712AEB25E7007D4CC9 /* AppDelegate.swift in Sources */,
				1033D2392AF980ED0018DAF6 /* User.swift in Sources */,
				10D00D4D2AF851480001F84C /* GFTitleLabel.swift in Sources */,
				10C803732AEB25E7007D4CC9 /* SceneDelegate.swift in Sources */,
				10D00D4F2AF852A20001F84C /* GFBodyLabel.swift in Sources */,
			);
			runOnlyForDeploymentPostprocessing = 0;
		};
/* End PBXSourcesBuildPhase section */

/* Begin PBXVariantGroup section */
		10C8037B2AEB25E9007D4CC9 /* LaunchScreen.storyboard */ = {
			isa = PBXVariantGroup;
			children = (
				10C8037C2AEB25E9007D4CC9 /* Base */,
			);
			name = LaunchScreen.storyboard;
			sourceTree = "<group>";
		};
/* End PBXVariantGroup section */

/* Begin XCBuildConfiguration section */
		10C8037F2AEB25E9007D4CC9 /* Debug */ = {
			isa = XCBuildConfiguration;
			buildSettings = {
				ALWAYS_SEARCH_USER_PATHS = NO;
				ASSETCATALOG_COMPILER_GENERATE_SWIFT_ASSET_SYMBOL_EXTENSIONS = YES;
				CLANG_ANALYZER_NONNULL = YES;
				CLANG_ANALYZER_NUMBER_OBJECT_CONVERSION = YES_AGGRESSIVE;
				CLANG_CXX_LANGUAGE_STANDARD = "gnu++20";
				CLANG_ENABLE_MODULES = YES;
				CLANG_ENABLE_OBJC_ARC = YES;
				CLANG_ENABLE_OBJC_WEAK = YES;
				CLANG_WARN_BLOCK_CAPTURE_AUTORELEASING = YES;
				CLANG_WARN_BOOL_CONVERSION = YES;
				CLANG_WARN_COMMA = YES;
				CLANG_WARN_CONSTANT_CONVERSION = YES;
				CLANG_WARN_DEPRECATED_OBJC_IMPLEMENTATIONS = YES;
				CLANG_WARN_DIRECT_OBJC_ISA_USAGE = YES_ERROR;
				CLANG_WARN_DOCUMENTATION_COMMENTS = YES;
				CLANG_WARN_EMPTY_BODY = YES;
				CLANG_WARN_ENUM_CONVERSION = YES;
				CLANG_WARN_INFINITE_RECURSION = YES;
				CLANG_WARN_INT_CONVERSION = YES;
				CLANG_WARN_NON_LITERAL_NULL_CONVERSION = YES;
				CLANG_WARN_OBJC_IMPLICIT_RETAIN_SELF = YES;
				CLANG_WARN_OBJC_LITERAL_CONVERSION = YES;
				CLANG_WARN_OBJC_ROOT_CLASS = YES_ERROR;
				CLANG_WARN_QUOTED_INCLUDE_IN_FRAMEWORK_HEADER = YES;
				CLANG_WARN_RANGE_LOOP_ANALYSIS = YES;
				CLANG_WARN_STRICT_PROTOTYPES = YES;
				CLANG_WARN_SUSPICIOUS_MOVE = YES;
				CLANG_WARN_UNGUARDED_AVAILABILITY = YES_AGGRESSIVE;
				CLANG_WARN_UNREACHABLE_CODE = YES;
				CLANG_WARN__DUPLICATE_METHOD_MATCH = YES;
				COPY_PHASE_STRIP = NO;
				DEBUG_INFORMATION_FORMAT = dwarf;
				ENABLE_STRICT_OBJC_MSGSEND = YES;
				ENABLE_TESTABILITY = YES;
				ENABLE_USER_SCRIPT_SANDBOXING = YES;
				GCC_C_LANGUAGE_STANDARD = gnu17;
				GCC_DYNAMIC_NO_PIC = NO;
				GCC_NO_COMMON_BLOCKS = YES;
				GCC_OPTIMIZATION_LEVEL = 0;
				GCC_PREPROCESSOR_DEFINITIONS = (
					"DEBUG=1",
					"$(inherited)",
				);
				GCC_WARN_64_TO_32_BIT_CONVERSION = YES;
				GCC_WARN_ABOUT_RETURN_TYPE = YES_ERROR;
				GCC_WARN_UNDECLARED_SELECTOR = YES;
				GCC_WARN_UNINITIALIZED_AUTOS = YES_AGGRESSIVE;
				GCC_WARN_UNUSED_FUNCTION = YES;
				GCC_WARN_UNUSED_VARIABLE = YES;
				IPHONEOS_DEPLOYMENT_TARGET = 17.0;
				LOCALIZATION_PREFERS_STRING_CATALOGS = YES;
				MTL_ENABLE_DEBUG_INFO = INCLUDE_SOURCE;
				MTL_FAST_MATH = YES;
				ONLY_ACTIVE_ARCH = YES;
				SDKROOT = iphoneos;
				SWIFT_ACTIVE_COMPILATION_CONDITIONS = "DEBUG $(inherited)";
				SWIFT_OPTIMIZATION_LEVEL = "-Onone";
			};
			name = Debug;
		};
		10C803802AEB25E9007D4CC9 /* Release */ = {
			isa = XCBuildConfiguration;
			buildSettings = {
				ALWAYS_SEARCH_USER_PATHS = NO;
				ASSETCATALOG_COMPILER_GENERATE_SWIFT_ASSET_SYMBOL_EXTENSIONS = YES;
				CLANG_ANALYZER_NONNULL = YES;
				CLANG_ANALYZER_NUMBER_OBJECT_CONVERSION = YES_AGGRESSIVE;
				CLANG_CXX_LANGUAGE_STANDARD = "gnu++20";
				CLANG_ENABLE_MODULES = YES;
				CLANG_ENABLE_OBJC_ARC = YES;
				CLANG_ENABLE_OBJC_WEAK = YES;
				CLANG_WARN_BLOCK_CAPTURE_AUTORELEASING = YES;
				CLANG_WARN_BOOL_CONVERSION = YES;
				CLANG_WARN_COMMA = YES;
				CLANG_WARN_CONSTANT_CONVERSION = YES;
				CLANG_WARN_DEPRECATED_OBJC_IMPLEMENTATIONS = YES;
				CLANG_WARN_DIRECT_OBJC_ISA_USAGE = YES_ERROR;
				CLANG_WARN_DOCUMENTATION_COMMENTS = YES;
				CLANG_WARN_EMPTY_BODY = YES;
				CLANG_WARN_ENUM_CONVERSION = YES;
				CLANG_WARN_INFINITE_RECURSION = YES;
				CLANG_WARN_INT_CONVERSION = YES;
				CLANG_WARN_NON_LITERAL_NULL_CONVERSION = YES;
				CLANG_WARN_OBJC_IMPLICIT_RETAIN_SELF = YES;
				CLANG_WARN_OBJC_LITERAL_CONVERSION = YES;
				CLANG_WARN_OBJC_ROOT_CLASS = YES_ERROR;
				CLANG_WARN_QUOTED_INCLUDE_IN_FRAMEWORK_HEADER = YES;
				CLANG_WARN_RANGE_LOOP_ANALYSIS = YES;
				CLANG_WARN_STRICT_PROTOTYPES = YES;
				CLANG_WARN_SUSPICIOUS_MOVE = YES;
				CLANG_WARN_UNGUARDED_AVAILABILITY = YES_AGGRESSIVE;
				CLANG_WARN_UNREACHABLE_CODE = YES;
				CLANG_WARN__DUPLICATE_METHOD_MATCH = YES;
				COPY_PHASE_STRIP = NO;
				DEBUG_INFORMATION_FORMAT = "dwarf-with-dsym";
				ENABLE_NS_ASSERTIONS = NO;
				ENABLE_STRICT_OBJC_MSGSEND = YES;
				ENABLE_USER_SCRIPT_SANDBOXING = YES;
				GCC_C_LANGUAGE_STANDARD = gnu17;
				GCC_NO_COMMON_BLOCKS = YES;
				GCC_WARN_64_TO_32_BIT_CONVERSION = YES;
				GCC_WARN_ABOUT_RETURN_TYPE = YES_ERROR;
				GCC_WARN_UNDECLARED_SELECTOR = YES;
				GCC_WARN_UNINITIALIZED_AUTOS = YES_AGGRESSIVE;
				GCC_WARN_UNUSED_FUNCTION = YES;
				GCC_WARN_UNUSED_VARIABLE = YES;
				IPHONEOS_DEPLOYMENT_TARGET = 17.0;
				LOCALIZATION_PREFERS_STRING_CATALOGS = YES;
				MTL_ENABLE_DEBUG_INFO = NO;
				MTL_FAST_MATH = YES;
				SDKROOT = iphoneos;
				SWIFT_COMPILATION_MODE = wholemodule;
				VALIDATE_PRODUCT = YES;
			};
			name = Release;
		};
		10C803822AEB25E9007D4CC9 /* Debug */ = {
			isa = XCBuildConfiguration;
			buildSettings = {
				ASSETCATALOG_COMPILER_APPICON_NAME = AppIcon;
				ASSETCATALOG_COMPILER_GLOBAL_ACCENT_COLOR_NAME = AccentColor;
				CODE_SIGN_STYLE = Automatic;
				CURRENT_PROJECT_VERSION = 1;
				DEVELOPMENT_TEAM = 75DE4KA4WT;
				GENERATE_INFOPLIST_FILE = YES;
				INFOPLIST_FILE = GitHubFollowers/Info.plist;
				INFOPLIST_KEY_UIApplicationSupportsIndirectInputEvents = YES;
				INFOPLIST_KEY_UILaunchStoryboardName = LaunchScreen;
				INFOPLIST_KEY_UIMainStoryboardFile = "";
				INFOPLIST_KEY_UISupportedInterfaceOrientations_iPad = "UIInterfaceOrientationPortrait UIInterfaceOrientationPortraitUpsideDown UIInterfaceOrientationLandscapeLeft UIInterfaceOrientationLandscapeRight";
				INFOPLIST_KEY_UISupportedInterfaceOrientations_iPhone = "UIInterfaceOrientationPortrait UIInterfaceOrientationLandscapeLeft UIInterfaceOrientationLandscapeRight";
				IPHONEOS_DEPLOYMENT_TARGET = 13.2;
				LD_RUNPATH_SEARCH_PATHS = (
					"$(inherited)",
					"@executable_path/Frameworks",
				);
				MARKETING_VERSION = 1.0;
				PRODUCT_BUNDLE_IDENTIFIER = com.sheepware.GitHubFollowers;
				PRODUCT_NAME = "$(TARGET_NAME)";
				SUPPORTED_PLATFORMS = "iphoneos iphonesimulator";
				SUPPORTS_MACCATALYST = NO;
				SUPPORTS_MAC_DESIGNED_FOR_IPHONE_IPAD = NO;
				SWIFT_EMIT_LOC_STRINGS = YES;
				SWIFT_VERSION = 5.0;
				TARGETED_DEVICE_FAMILY = 1;
			};
			name = Debug;
		};
		10C803832AEB25E9007D4CC9 /* Release */ = {
			isa = XCBuildConfiguration;
			buildSettings = {
				ASSETCATALOG_COMPILER_APPICON_NAME = AppIcon;
				ASSETCATALOG_COMPILER_GLOBAL_ACCENT_COLOR_NAME = AccentColor;
				CODE_SIGN_STYLE = Automatic;
				CURRENT_PROJECT_VERSION = 1;
				DEVELOPMENT_TEAM = 75DE4KA4WT;
				GENERATE_INFOPLIST_FILE = YES;
				INFOPLIST_FILE = GitHubFollowers/Info.plist;
				INFOPLIST_KEY_UIApplicationSupportsIndirectInputEvents = YES;
				INFOPLIST_KEY_UILaunchStoryboardName = LaunchScreen;
				INFOPLIST_KEY_UIMainStoryboardFile = "";
				INFOPLIST_KEY_UISupportedInterfaceOrientations_iPad = "UIInterfaceOrientationPortrait UIInterfaceOrientationPortraitUpsideDown UIInterfaceOrientationLandscapeLeft UIInterfaceOrientationLandscapeRight";
				INFOPLIST_KEY_UISupportedInterfaceOrientations_iPhone = "UIInterfaceOrientationPortrait UIInterfaceOrientationLandscapeLeft UIInterfaceOrientationLandscapeRight";
				IPHONEOS_DEPLOYMENT_TARGET = 13.2;
				LD_RUNPATH_SEARCH_PATHS = (
					"$(inherited)",
					"@executable_path/Frameworks",
				);
				MARKETING_VERSION = 1.0;
				PRODUCT_BUNDLE_IDENTIFIER = com.sheepware.GitHubFollowers;
				PRODUCT_NAME = "$(TARGET_NAME)";
				SUPPORTED_PLATFORMS = "iphoneos iphonesimulator";
				SUPPORTS_MACCATALYST = NO;
				SUPPORTS_MAC_DESIGNED_FOR_IPHONE_IPAD = NO;
				SWIFT_EMIT_LOC_STRINGS = YES;
				SWIFT_VERSION = 5.0;
				TARGETED_DEVICE_FAMILY = 1;
			};
			name = Release;
		};
/* End XCBuildConfiguration section */

/* Begin XCConfigurationList section */
		10C803682AEB25E7007D4CC9 /* Build configuration list for PBXProject "GitHubFollowers" */ = {
			isa = XCConfigurationList;
			buildConfigurations = (
				10C8037F2AEB25E9007D4CC9 /* Debug */,
				10C803802AEB25E9007D4CC9 /* Release */,
			);
			defaultConfigurationIsVisible = 0;
			defaultConfigurationName = Release;
		};
		10C803812AEB25E9007D4CC9 /* Build configuration list for PBXNativeTarget "GitHubFollowers" */ = {
			isa = XCConfigurationList;
			buildConfigurations = (
				10C803822AEB25E9007D4CC9 /* Debug */,
				10C803832AEB25E9007D4CC9 /* Release */,
			);
			defaultConfigurationIsVisible = 0;
			defaultConfigurationName = Release;
		};
/* End XCConfigurationList section */
	};
	rootObject = 10C803652AEB25E7007D4CC9 /* Project object */;
}
